
Microsoft Visual Studio Solution File, Format Version 12.00
# Visual Studio 15
VisualStudioVersion = 15.0.27130.2027
MinimumVisualStudioVersion = 10.0.40219.1
Project("{9A19103F-16F7-4668-BE54-9A1E7A4F7556}") = "TA", "TA\TA.csproj", "{CFAA7FFD-5F0F-4ACC-890F-775DEA086011}"
EndProject
Project("{9A19103F-16F7-4668-BE54-9A1E7A4F7556}") = "TA.Data", "TA.Data\TA.Data.csproj", "{F40A5566-3E64-4794-9C5C-DF515E562FEF}"
EndProject
Project("{FAE04EC0-301F-11D3-BF4B-00C04F79EFBC}") = "TA.Service", "TA.Service\TA.Service.csproj", "{07E35948-E820-43EC-9F7D-2DA0FB18F8EA}"
EndProject
Global
	GlobalSection(SolutionConfigurationPlatforms) = preSolution
		Debug|Any CPU = Debug|Any CPU
		Release|Any CPU = Release|Any CPU
	EndGlobalSection
	GlobalSection(ProjectConfigurationPlatforms) = postSolution
		{CFAA7FFD-5F0F-4ACC-890F-775DEA086011}.Debug|Any CPU.ActiveCfg = Debug|Any CPU
		{CFAA7FFD-5F0F-4ACC-890F-775DEA086011}.Debug|Any CPU.Build.0 = Debug|Any CPU
		{CFAA7FFD-5F0F-4ACC-890F-775DEA086011}.Release|Any CPU.ActiveCfg = Release|Any CPU
		{CFAA7FFD-5F0F-4ACC-890F-775DEA086011}.Release|Any CPU.Build.0 = Release|Any CPU
		{F40A5566-3E64-4794-9C5C-DF515E562FEF}.Debug|Any CPU.ActiveCfg = Debug|Any CPU
		{F40A5566-3E64-4794-9C5C-DF515E562FEF}.Debug|Any CPU.Build.0 = Debug|Any CPU
		{F40A5566-3E64-4794-9C5C-DF515E562FEF}.Release|Any CPU.ActiveCfg = Release|Any CPU
		{F40A5566-3E64-4794-9C5C-DF515E562FEF}.Release|Any CPU.Build.0 = Release|Any CPU
		{07E35948-E820-43EC-9F7D-2DA0FB18F8EA}.Debug|Any CPU.ActiveCfg = Debug|Any CPU
		{07E35948-E820-43EC-9F7D-2DA0FB18F8EA}.Debug|Any CPU.Build.0 = Debug|Any CPU
		{07E35948-E820-43EC-9F7D-2DA0FB18F8EA}.Release|Any CPU.ActiveCfg = Release|Any CPU
		{07E35948-E820-43EC-9F7D-2DA0FB18F8EA}.Release|Any CPU.Build.0 = Release|Any CPU
	EndGlobalSection
	GlobalSection(SolutionProperties) = preSolution
		HideSolutionNode = FALSE
	EndGlobalSection
	GlobalSection(ExtensibilityGlobals) = postSolution
		SolutionGuid = {F01726F3-5A64-4650-8EC0-55A26FFBA413}
	EndGlobalSection
EndGlobal
